
Microsoft Visual Studio Solution File, Format Version 12.00
# Visual Studio Version 17
VisualStudioVersion = 17.0.31903.59
MinimumVisualStudioVersion = 10.0.40219.1
Project("{FAE04EC0-301F-11D3-BF4B-00C04F79EFBC}") = "Grpc.Example.Server", "Grpc.Example.Server\Grpc.Example.Server.csproj", "{3C08986F-8EA8-4107-BE00-1B6F73F4E6D3}"
EndProject
Global
	GlobalSection(SolutionConfigurationPlatforms) = preSolution
		Debug|Any CPU = Debug|Any CPU
		Release|Any CPU = Release|Any CPU
	EndGlobalSection
	GlobalSection(ProjectConfigurationPlatforms) = postSolution
		{3C08986F-8EA8-4107-BE00-1B6F73F4E6D3}.Debug|Any CPU.ActiveCfg = Debug|Any CPU
		{3C08986F-8EA8-4107-BE00-1B6F73F4E6D3}.Debug|Any CPU.Build.0 = Debug|Any CPU
		{3C08986F-8EA8-4107-BE00-1B6F73F4E6D3}.Release|Any CPU.ActiveCfg = Release|Any CPU
		{3C08986F-8EA8-4107-BE00-1B6F73F4E6D3}.Release|Any CPU.Build.0 = Release|Any CPU
	EndGlobalSection
	GlobalSection(SolutionProperties) = preSolution
		HideSolutionNode = FALSE
	EndGlobalSection
	GlobalSection(ExtensibilityGlobals) = postSolution
		SolutionGuid = {E98068B4-52E9-4926-9E16-D01DEFD9746F}
	EndGlobalSection
EndGlobal
